// !$*UTF8*$!
{
	archiveVersion = 1;
	classes = {
	};
	objectVersion = 77;
	objects = {

/* Begin PBXBuildFile section */
		616974202CF7394C00161834 /* Assets.xcassets in Resources */ = {isa = PBXBuildFile; fileRef = 616974102CF7394C00161834 /* Assets.xcassets */; };
		616974212CF7394C00161834 /* LaunchScreen.storyboard in Resources */ = {isa = PBXBuildFile; fileRef = 616974172CF7394C00161834 /* LaunchScreen.storyboard */; };
		616974222CF7394C00161834 /* Main.storyboard in Resources */ = {isa = PBXBuildFile; fileRef = 616974192CF7394C00161834 /* Main.storyboard */; };
		616974232CF7394C00161834 /* AppDelegate.swift in Sources */ = {isa = PBXBuildFile; fileRef = 6169740D2CF7394C00161834 /* AppDelegate.swift */; };
		616974242CF7394C00161834 /* DataStore.swift in Sources */ = {isa = PBXBuildFile; fileRef = 616974122CF7394C00161834 /* DataStore.swift */; };
		616974252CF7394C00161834 /* Person.swift in Sources */ = {isa = PBXBuildFile; fileRef = 616974142CF7394C00161834 /* Person.swift */; };
		6169742B2CF7788700161834 /* PersonsListViewController.swift in Sources */ = {isa = PBXBuildFile; fileRef = 6169742A2CF7788700161834 /* PersonsListViewController.swift */; };
		6169742D2CF78E1300161834 /* ContactListViewController.swift in Sources */ = {isa = PBXBuildFile; fileRef = 6169742C2CF78E1300161834 /* ContactListViewController.swift */; };
		6169742F2CF791F000161834 /* SectionTableViewController.swift in Sources */ = {isa = PBXBuildFile; fileRef = 6169742E2CF791F000161834 /* SectionTableViewController.swift */; };
		619100DC2CF9BA3C00C15C7F /* SceneDelegate.swift in Sources */ = {isa = PBXBuildFile; fileRef = 619100DB2CF9BA3C00C15C7F /* SceneDelegate.swift */; };
		6199C81E2CF85F9A00942E2C /* ContactDetailsViewController.swift in Sources */ = {isa = PBXBuildFile; fileRef = 6199C81D2CF85F9A00942E2C /* ContactDetailsViewController.swift */; };
/* End PBXBuildFile section */

/* Begin PBXFileReference section */
		6169740D2CF7394C00161834 /* AppDelegate.swift */ = {isa = PBXFileReference; lastKnownFileType = sourcecode.swift; path = AppDelegate.swift; sourceTree = "<group>"; };
		6169740E2CF7394C00161834 /* Info.plist */ = {isa = PBXFileReference; lastKnownFileType = text.plist.xml; path = Info.plist; sourceTree = "<group>"; };
		616974102CF7394C00161834 /* Assets.xcassets */ = {isa = PBXFileReference; lastKnownFileType = folder.assetcatalog; path = Assets.xcassets; sourceTree = "<group>"; };
		616974122CF7394C00161834 /* DataStore.swift */ = {isa = PBXFileReference; lastKnownFileType = sourcecode.swift; path = DataStore.swift; sourceTree = "<group>"; };
		616974142CF7394C00161834 /* Person.swift */ = {isa = PBXFileReference; lastKnownFileType = sourcecode.swift; path = Person.swift; sourceTree = "<group>"; };
		616974162CF7394C00161834 /* Base */ = {isa = PBXFileReference; lastKnownFileType = file.storyboard; name = Base; path = Base.lproj/LaunchScreen.storyboard; sourceTree = "<group>"; };
		616974182CF7394C00161834 /* Base */ = {isa = PBXFileReference; lastKnownFileType = file.storyboard; name = Base; path = Base.lproj/Main.storyboard; sourceTree = "<group>"; };
		6169742A2CF7788700161834 /* PersonsListViewController.swift */ = {isa = PBXFileReference; lastKnownFileType = sourcecode.swift; path = PersonsListViewController.swift; sourceTree = "<group>"; };
		6169742C2CF78E1300161834 /* ContactListViewController.swift */ = {isa = PBXFileReference; lastKnownFileType = sourcecode.swift; path = ContactListViewController.swift; sourceTree = "<group>"; };
		6169742E2CF791F000161834 /* SectionTableViewController.swift */ = {isa = PBXFileReference; lastKnownFileType = sourcecode.swift; path = SectionTableViewController.swift; sourceTree = "<group>"; };
		619100DB2CF9BA3C00C15C7F /* SceneDelegate.swift */ = {isa = PBXFileReference; lastKnownFileType = sourcecode.swift; path = SceneDelegate.swift; sourceTree = "<group>"; };
		6199C81D2CF85F9A00942E2C /* ContactDetailsViewController.swift */ = {isa = PBXFileReference; lastKnownFileType = sourcecode.swift; path = ContactDetailsViewController.swift; sourceTree = "<group>"; };
		61C2E4BC2CF62CBD000B8DBF /* ContactList.app */ = {isa = PBXFileReference; explicitFileType = wrapper.application; includeInIndex = 0; path = ContactList.app; sourceTree = BUILT_PRODUCTS_DIR; };
/* End PBXFileReference section */

/* Begin PBXFrameworksBuildPhase section */
		61C2E4B92CF62CBD000B8DBF /* Frameworks */ = {
			isa = PBXFrameworksBuildPhase;
			buildActionMask = 2147483647;
			files = (
			);
			runOnlyForDeploymentPostprocessing = 0;
		};
/* End PBXFrameworksBuildPhase section */

/* Begin PBXGroup section */
		6169740F2CF7394C00161834 /* App */ = {
			isa = PBXGroup;
			children = (
				619100DB2CF9BA3C00C15C7F /* SceneDelegate.swift */,
				6169740D2CF7394C00161834 /* AppDelegate.swift */,
				6169740E2CF7394C00161834 /* Info.plist */,
			);
			path = App;
			sourceTree = "<group>";
		};
		616974112CF7394C00161834 /* Assets */ = {
			isa = PBXGroup;
			children = (
				616974102CF7394C00161834 /* Assets.xcassets */,
			);
			path = Assets;
			sourceTree = "<group>";
		};
		616974132CF7394C00161834 /* Data */ = {
			isa = PBXGroup;
			children = (
				616974122CF7394C00161834 /* DataStore.swift */,
			);
			path = Data;
			sourceTree = "<group>";
		};
		616974152CF7394C00161834 /* Model */ = {
			isa = PBXGroup;
			children = (
				616974142CF7394C00161834 /* Person.swift */,
			);
			path = Model;
			sourceTree = "<group>";
		};
		6169741A2CF7394C00161834 /* StoryBoards */ = {
			isa = PBXGroup;
			children = (
				616974172CF7394C00161834 /* LaunchScreen.storyboard */,
				616974192CF7394C00161834 /* Main.storyboard */,
			);
			path = StoryBoards;
			sourceTree = "<group>";
		};
		6169741C2CF7394C00161834 /* ViewControllers */ = {
			isa = PBXGroup;
			children = (
				6169742A2CF7788700161834 /* PersonsListViewController.swift */,
				6169742C2CF78E1300161834 /* ContactListViewController.swift */,
				6169742E2CF791F000161834 /* SectionTableViewController.swift */,
				6199C81D2CF85F9A00942E2C /* ContactDetailsViewController.swift */,
			);
			path = ViewControllers;
			sourceTree = "<group>";
		};
		6169741E2CF7394C00161834 /* ContactList */ = {
			isa = PBXGroup;
			children = (
				6169741C2CF7394C00161834 /* ViewControllers */,
				616974152CF7394C00161834 /* Model */,
				616974132CF7394C00161834 /* Data */,
				6169741A2CF7394C00161834 /* StoryBoards */,
				6169740F2CF7394C00161834 /* App */,
				616974112CF7394C00161834 /* Assets */,
			);
			path = ContactList;
			sourceTree = "<group>";
		};
		61C2E4B32CF62CBD000B8DBF = {
			isa = PBXGroup;
			children = (
				6169741E2CF7394C00161834 /* ContactList */,
				61C2E4BD2CF62CBD000B8DBF /* Products */,
			);
			sourceTree = "<group>";
		};
		61C2E4BD2CF62CBD000B8DBF /* Products */ = {
			isa = PBXGroup;
			children = (
				61C2E4BC2CF62CBD000B8DBF /* ContactList.app */,
			);
			name = Products;
			sourceTree = "<group>";
		};
/* End PBXGroup section */

/* Begin PBXNativeTarget section */
		61C2E4BB2CF62CBD000B8DBF /* ContactList */ = {
			isa = PBXNativeTarget;
			buildConfigurationList = 61C2E4CF2CF62CBF000B8DBF /* Build configuration list for PBXNativeTarget "ContactList" */;
			buildPhases = (
				61C2E4B82CF62CBD000B8DBF /* Sources */,
				61C2E4B92CF62CBD000B8DBF /* Frameworks */,
				61C2E4BA2CF62CBD000B8DBF /* Resources */,
			);
			buildRules = (
			);
			dependencies = (
			);
			name = ContactList;
			packageProductDependencies = (
			);
			productName = ContactList;
			productReference = 61C2E4BC2CF62CBD000B8DBF /* ContactList.app */;
			productType = "com.apple.product-type.application";
		};
/* End PBXNativeTarget section */

/* Begin PBXProject section */
		61C2E4B42CF62CBD000B8DBF /* Project object */ = {
			isa = PBXProject;
			attributes = {
				BuildIndependentTargetsInParallel = 1;
				LastSwiftUpdateCheck = 1610;
				LastUpgradeCheck = 1610;
				TargetAttributes = {
					61C2E4BB2CF62CBD000B8DBF = {
						CreatedOnToolsVersion = 16.1;
					};
				};
			};
			buildConfigurationList = 61C2E4B72CF62CBD000B8DBF /* Build configuration list for PBXProject "ContactList" */;
			developmentRegion = en;
			hasScannedForEncodings = 0;
			knownRegions = (
				en,
				Base,
			);
			mainGroup = 61C2E4B32CF62CBD000B8DBF;
			minimizedProjectReferenceProxies = 1;
			preferredProjectObjectVersion = 77;
			productRefGroup = 61C2E4BD2CF62CBD000B8DBF /* Products */;
			projectDirPath = "";
			projectRoot = "";
			targets = (
				61C2E4BB2CF62CBD000B8DBF /* ContactList */,
			);
		};
/* End PBXProject section */

/* Begin PBXResourcesBuildPhase section */
		61C2E4BA2CF62CBD000B8DBF /* Resources */ = {
			isa = PBXResourcesBuildPhase;
			buildActionMask = 2147483647;
			files = (
				616974202CF7394C00161834 /* Assets.xcassets in Resources */,
				616974212CF7394C00161834 /* LaunchScreen.storyboard in Resources */,
				616974222CF7394C00161834 /* Main.storyboard in Resources */,
			);
			runOnlyForDeploymentPostprocessing = 0;
		};
/* End PBXResourcesBuildPhase section */

/* Begin PBXSourcesBuildPhase section */
		61C2E4B82CF62CBD000B8DBF /* Sources */ = {
			isa = PBXSourcesBuildPhase;
			buildActionMask = 2147483647;
			files = (
				616974232CF7394C00161834 /* AppDelegate.swift in Sources */,
				616974242CF7394C00161834 /* DataStore.swift in Sources */,
				6199C81E2CF85F9A00942E2C /* ContactDetailsViewController.swift in Sources */,
				616974252CF7394C00161834 /* Person.swift in Sources */,
				6169742B2CF7788700161834 /* PersonsListViewController.swift in Sources */,
				6169742D2CF78E1300161834 /* ContactListViewController.swift in Sources */,
				6169742F2CF791F000161834 /* SectionTableViewController.swift in Sources */,
				619100DC2CF9BA3C00C15C7F /* SceneDelegate.swift in Sources */,
			);
			runOnlyForDeploymentPostprocessing = 0;
		};
/* End PBXSourcesBuildPhase section */

/* Begin PBXVariantGroup section */
		616974172CF7394C00161834 /* LaunchScreen.storyboard */ = {
			isa = PBXVariantGroup;
			children = (
				616974162CF7394C00161834 /* Base */,
			);
			name = LaunchScreen.storyboard;
			sourceTree = "<group>";
		};
		616974192CF7394C00161834 /* Main.storyboard */ = {
			isa = PBXVariantGroup;
			children = (
				616974182CF7394C00161834 /* Base */,
			);
			name = Main.storyboard;
			sourceTree = "<group>";
		};
/* End PBXVariantGroup section */

/* Begin XCBuildConfiguration section */
		61C2E4D02CF62CBF000B8DBF /* Debug */ = {
			isa = XCBuildConfiguration;
			buildSettings = {
				ASSETCATALOG_COMPILER_APPICON_NAME = AppIcon;
				ASSETCATALOG_COMPILER_GLOBAL_ACCENT_COLOR_NAME = AccentColor;
				CODE_SIGN_STYLE = Automatic;
				CURRENT_PROJECT_VERSION = 1;
				GENERATE_INFOPLIST_FILE = YES;
				INFOPLIST_FILE = ContactList/App/Info.plist;
				INFOPLIST_KEY_UIApplicationSupportsIndirectInputEvents = YES;
				INFOPLIST_KEY_UILaunchStoryboardName = LaunchScreen;
				INFOPLIST_KEY_UIMainStoryboardFile = Main;
				INFOPLIST_KEY_UISupportedInterfaceOrientations = UIInterfaceOrientationPortrait;
				INFOPLIST_KEY_UISupportedInterfaceOrientations_iPad = "UIInterfaceOrientationLandscapeLeft UIInterfaceOrientationLandscapeRight UIInterfaceOrientationPortrait UIInterfaceOrientationPortraitUpsideDown";
				IPHONEOS_DEPLOYMENT_TARGET = 17.0;
				LD_RUNPATH_SEARCH_PATHS = (
					"$(inherited)",
					"@executable_path/Frameworks",
				);
				MARKETING_VERSION = 1.0;
				PRODUCT_BUNDLE_IDENTIFIER = "lenspigel0-rambler.ru.ContactList";
				PRODUCT_NAME = "$(TARGET_NAME)";
				SUPPORTED_PLATFORMS = "iphoneos iphonesimulator";
				SUPPORTS_MACCATALYST = NO;
				SUPPORTS_MAC_DESIGNED_FOR_IPHONE_IPAD = NO;
				SUPPORTS_XR_DESIGNED_FOR_IPHONE_IPAD = NO;
				SWIFT_EMIT_LOC_STRINGS = YES;
				SWIFT_VERSION = 5.0;
				TARGETED_DEVICE_FAMILY = 1;
			};
			name = Debug;
		};
		61C2E4D12CF62CBF000B8DBF /* Release */ = {
			isa = XCBuildConfiguration;
			buildSettings = {
				ASSETCATALOG_COMPILER_APPICON_NAME = AppIcon;
				ASSETCATALOG_COMPILER_GLOBAL_ACCENT_COLOR_NAME = AccentColor;
				CODE_SIGN_STYLE = Automatic;
				CURRENT_PROJECT_VERSION = 1;
				GENERATE_INFOPLIST_FILE = YES;
				INFOPLIST_FILE = ContactList/App/Info.plist;
				INFOPLIST_KEY_UIApplicationSupportsIndirectInputEvents = YES;
				INFOPLIST_KEY_UILaunchStoryboardName = LaunchScreen;
				INFOPLIST_KEY_UIMainStoryboardFile = Main;
				INFOPLIST_KEY_UISupportedInterfaceOrientations = UIInterfaceOrientationPortrait;
				INFOPLIST_KEY_UISupportedInterfaceOrientations_iPad = "UIInterfaceOrientationLandscapeLeft UIInterfaceOrientationLandscapeRight UIInterfaceOrientationPortrait UIInterfaceOrientationPortraitUpsideDown";
				IPHONEOS_DEPLOYMENT_TARGET = 17.0;
				LD_RUNPATH_SEARCH_PATHS = (
					"$(inherited)",
					"@executable_path/Frameworks",
				);
				MARKETING_VERSION = 1.0;
				PRODUCT_BUNDLE_IDENTIFIER = "lenspigel0-rambler.ru.ContactList";
				PRODUCT_NAME = "$(TARGET_NAME)";
				SUPPORTED_PLATFORMS = "iphoneos iphonesimulator";
				SUPPORTS_MACCATALYST = NO;
				SUPPORTS_MAC_DESIGNED_FOR_IPHONE_IPAD = NO;
				SUPPORTS_XR_DESIGNED_FOR_IPHONE_IPAD = NO;
				SWIFT_EMIT_LOC_STRINGS = YES;
				SWIFT_VERSION = 5.0;
				TARGETED_DEVICE_FAMILY = 1;
			};
			name = Release;
		};
		61C2E4D22CF62CBF000B8DBF /* Debug */ = {
			isa = XCBuildConfiguration;
			buildSettings = {
				ALWAYS_SEARCH_USER_PATHS = NO;
				ASSETCATALOG_COMPILER_GENERATE_SWIFT_ASSET_SYMBOL_EXTENSIONS = YES;
				CLANG_ANALYZER_NONNULL = YES;
				CLANG_ANALYZER_NUMBER_OBJECT_CONVERSION = YES_AGGRESSIVE;
				CLANG_CXX_LANGUAGE_STANDARD = "gnu++20";
				CLANG_ENABLE_MODULES = YES;
				CLANG_ENABLE_OBJC_ARC = YES;
				CLANG_ENABLE_OBJC_WEAK = YES;
				CLANG_WARN_BLOCK_CAPTURE_AUTORELEASING = YES;
				CLANG_WARN_BOOL_CONVERSION = YES;
				CLANG_WARN_COMMA = YES;
				CLANG_WARN_CONSTANT_CONVERSION = YES;
				CLANG_WARN_DEPRECATED_OBJC_IMPLEMENTATIONS = YES;
				CLANG_WARN_DIRECT_OBJC_ISA_USAGE = YES_ERROR;
				CLANG_WARN_DOCUMENTATION_COMMENTS = YES;
				CLANG_WARN_EMPTY_BODY = YES;
				CLANG_WARN_ENUM_CONVERSION = YES;
				CLANG_WARN_INFINITE_RECURSION = YES;
				CLANG_WARN_INT_CONVERSION = YES;
				CLANG_WARN_NON_LITERAL_NULL_CONVERSION = YES;
				CLANG_WARN_OBJC_IMPLICIT_RETAIN_SELF = YES;
				CLANG_WARN_OBJC_LITERAL_CONVERSION = YES;
				CLANG_WARN_OBJC_ROOT_CLASS = YES_ERROR;
				CLANG_WARN_QUOTED_INCLUDE_IN_FRAMEWORK_HEADER = YES;
				CLANG_WARN_RANGE_LOOP_ANALYSIS = YES;
				CLANG_WARN_STRICT_PROTOTYPES = YES;
				CLANG_WARN_SUSPICIOUS_MOVE = YES;
				CLANG_WARN_UNGUARDED_AVAILABILITY = YES_AGGRESSIVE;
				CLANG_WARN_UNREACHABLE_CODE = YES;
				CLANG_WARN__DUPLICATE_METHOD_MATCH = YES;
				COPY_PHASE_STRIP = NO;
				DEBUG_INFORMATION_FORMAT = dwarf;
				ENABLE_STRICT_OBJC_MSGSEND = YES;
				ENABLE_TESTABILITY = YES;
				ENABLE_USER_SCRIPT_SANDBOXING = YES;
				GCC_C_LANGUAGE_STANDARD = gnu17;
				GCC_DYNAMIC_NO_PIC = NO;
				GCC_NO_COMMON_BLOCKS = YES;
				GCC_OPTIMIZATION_LEVEL = 0;
				GCC_PREPROCESSOR_DEFINITIONS = (
					"DEBUG=1",
					"$(inherited)",
				);
				GCC_WARN_64_TO_32_BIT_CONVERSION = YES;
				GCC_WARN_ABOUT_RETURN_TYPE = YES_ERROR;
				GCC_WARN_UNDECLARED_SELECTOR = YES;
				GCC_WARN_UNINITIALIZED_AUTOS = YES_AGGRESSIVE;
				GCC_WARN_UNUSED_FUNCTION = YES;
				GCC_WARN_UNUSED_VARIABLE = YES;
				IPHONEOS_DEPLOYMENT_TARGET = 18.1;
				LOCALIZATION_PREFERS_STRING_CATALOGS = YES;
				MTL_ENABLE_DEBUG_INFO = INCLUDE_SOURCE;
				MTL_FAST_MATH = YES;
				ONLY_ACTIVE_ARCH = YES;
				SDKROOT = iphoneos;
				SWIFT_ACTIVE_COMPILATION_CONDITIONS = "DEBUG $(inherited)";
				SWIFT_OPTIMIZATION_LEVEL = "-Onone";
			};
			name = Debug;
		};
		61C2E4D32CF62CBF000B8DBF /* Release */ = {
			isa = XCBuildConfiguration;
			buildSettings = {
				ALWAYS_SEARCH_USER_PATHS = NO;
				ASSETCATALOG_COMPILER_GENERATE_SWIFT_ASSET_SYMBOL_EXTENSIONS = YES;
				CLANG_ANALYZER_NONNULL = YES;
				CLANG_ANALYZER_NUMBER_OBJECT_CONVERSION = YES_AGGRESSIVE;
				CLANG_CXX_LANGUAGE_STANDARD = "gnu++20";
				CLANG_ENABLE_MODULES = YES;
				CLANG_ENABLE_OBJC_ARC = YES;
				CLANG_ENABLE_OBJC_WEAK = YES;
				CLANG_WARN_BLOCK_CAPTURE_AUTORELEASING = YES;
				CLANG_WARN_BOOL_CONVERSION = YES;
				CLANG_WARN_COMMA = YES;
				CLANG_WARN_CONSTANT_CONVERSION = YES;
				CLANG_WARN_DEPRECATED_OBJC_IMPLEMENTATIONS = YES;
				CLANG_WARN_DIRECT_OBJC_ISA_USAGE = YES_ERROR;
				CLANG_WARN_DOCUMENTATION_COMMENTS = YES;
				CLANG_WARN_EMPTY_BODY = YES;
				CLANG_WARN_ENUM_CONVERSION = YES;
				CLANG_WARN_INFINITE_RECURSION = YES;
				CLANG_WARN_INT_CONVERSION = YES;
				CLANG_WARN_NON_LITERAL_NULL_CONVERSION = YES;
				CLANG_WARN_OBJC_IMPLICIT_RETAIN_SELF = YES;
				CLANG_WARN_OBJC_LITERAL_CONVERSION = YES;
				CLANG_WARN_OBJC_ROOT_CLASS = YES_ERROR;
				CLANG_WARN_QUOTED_INCLUDE_IN_FRAMEWORK_HEADER = YES;
				CLANG_WARN_RANGE_LOOP_ANALYSIS = YES;
				CLANG_WARN_STRICT_PROTOTYPES = YES;
				CLANG_WARN_SUSPICIOUS_MOVE = YES;
				CLANG_WARN_UNGUARDED_AVAILABILITY = YES_AGGRESSIVE;
				CLANG_WARN_UNREACHABLE_CODE = YES;
				CLANG_WARN__DUPLICATE_METHOD_MATCH = YES;
				COPY_PHASE_STRIP = NO;
				DEBUG_INFORMATION_FORMAT = "dwarf-with-dsym";
				ENABLE_NS_ASSERTIONS = NO;
				ENABLE_STRICT_OBJC_MSGSEND = YES;
				ENABLE_USER_SCRIPT_SANDBOXING = YES;
				GCC_C_LANGUAGE_STANDARD = gnu17;
				GCC_NO_COMMON_BLOCKS = YES;
				GCC_WARN_64_TO_32_BIT_CONVERSION = YES;
				GCC_WARN_ABOUT_RETURN_TYPE = YES_ERROR;
				GCC_WARN_UNDECLARED_SELECTOR = YES;
				GCC_WARN_UNINITIALIZED_AUTOS = YES_AGGRESSIVE;
				GCC_WARN_UNUSED_FUNCTION = YES;
				GCC_WARN_UNUSED_VARIABLE = YES;
				IPHONEOS_DEPLOYMENT_TARGET = 18.1;
				LOCALIZATION_PREFERS_STRING_CATALOGS = YES;
				MTL_ENABLE_DEBUG_INFO = NO;
				MTL_FAST_MATH = YES;
				SDKROOT = iphoneos;
				SWIFT_COMPILATION_MODE = wholemodule;
				VALIDATE_PRODUCT = YES;
			};
			name = Release;
		};
/* End XCBuildConfiguration section */

/* Begin XCConfigurationList section */
		61C2E4B72CF62CBD000B8DBF /* Build configuration list for PBXProject "ContactList" */ = {
			isa = XCConfigurationList;
			buildConfigurations = (
				61C2E4D22CF62CBF000B8DBF /* Debug */,
				61C2E4D32CF62CBF000B8DBF /* Release */,
			);
			defaultConfigurationIsVisible = 0;
			defaultConfigurationName = Release;
		};
		61C2E4CF2CF62CBF000B8DBF /* Build configuration list for PBXNativeTarget "ContactList" */ = {
			isa = XCConfigurationList;
			buildConfigurations = (
				61C2E4D02CF62CBF000B8DBF /* Debug */,
				61C2E4D12CF62CBF000B8DBF /* Release */,
			);
			defaultConfigurationIsVisible = 0;
			defaultConfigurationName = Release;
		};
/* End XCConfigurationList section */
	};
	rootObject = 61C2E4B42CF62CBD000B8DBF /* Project object */;
}
